
Microsoft Visual Studio Solution File, Format Version 12.00
# Visual Studio Version 16
VisualStudioVersion = 16.0.31321.278
MinimumVisualStudioVersion = 10.0.40219.1
Project("{FAE04EC0-301F-11D3-BF4B-00C04F79EFBC}") = "RedisApi.Web", "RedisApi.Web\RedisApi.Web.csproj", "{0FF8CCA5-EA70-4AB0-BDAF-A98814FEA420}"
EndProject
Global
	GlobalSection(SolutionConfigurationPlatforms) = preSolution
		Debug|Any CPU = Debug|Any CPU
		Release|Any CPU = Release|Any CPU
	EndGlobalSection
	GlobalSection(ProjectConfigurationPlatforms) = postSolution
		{0FF8CCA5-EA70-4AB0-BDAF-A98814FEA420}.Debug|Any CPU.ActiveCfg = Debug|Any CPU
		{0FF8CCA5-EA70-4AB0-BDAF-A98814FEA420}.Debug|Any CPU.Build.0 = Debug|Any CPU
		{0FF8CCA5-EA70-4AB0-BDAF-A98814FEA420}.Release|Any CPU.ActiveCfg = Release|Any CPU
		{0FF8CCA5-EA70-4AB0-BDAF-A98814FEA420}.Release|Any CPU.Build.0 = Release|Any CPU
	EndGlobalSection
	GlobalSection(SolutionProperties) = preSolution
		HideSolutionNode = FALSE
	EndGlobalSection
	GlobalSection(ExtensibilityGlobals) = postSolution
		SolutionGuid = {3CFC0AE5-199E-4097-8752-F6238F46B445}
	EndGlobalSection
EndGlobal
